// !$*UTF8*$!
{
	archiveVersion = 1;
	classes = {
	};
	objectVersion = 77;
	objects = {

/* Begin PBXBuildFile section */
		043AE71A30276B3E00E98EAE /* FirebaseAuth in Frameworks */ = {isa = PBXBuildFile; productRef = 043AE71930276B3E00E98EAE /* FirebaseAuth */; };
		043AE71C30276B3E00E98EAE /* FirebaseAuthCombine-Community in Frameworks */ = {isa = PBXBuildFile; productRef = 043AE71B30276B3E00E98EAE /* FirebaseAuthCombine-Community */; };
		043AE71E30276B3E00E98EAE /* FirebaseCore in Frameworks */ = {isa = PBXBuildFile; productRef = 043AE71D30276B3E00E98EAE /* FirebaseCore */; };
		043AE72030276B3E00E98EAE /* FirebaseDatabase in Frameworks */ = {isa = PBXBuildFile; productRef = 043AE71F30276B3E00E98EAE /* FirebaseDatabase */; };
		043AE72230276B3E00E98EAE /* FirebaseFirestore in Frameworks */ = {isa = PBXBuildFile; productRef = 043AE72130276B3E00E98EAE /* FirebaseFirestore */; };
		043AE72430276B3E00E98EAE /* FirebaseFirestoreCombine-Community in Frameworks */ = {isa = PBXBuildFile; productRef = 043AE72330276B3E00E98EAE /* FirebaseFirestoreCombine-Community */; };
		043AE72630276B3E00E98EAE /* FirebaseMessaging in Frameworks */ = {isa = PBXBuildFile; productRef = 043AE72530276B3E00E98EAE /* FirebaseMessaging */; };
/* End PBXBuildFile section */

/* Begin PBXContainerItemProxy section */
		043AE6E33027666E00E98EAE /* PBXContainerItemProxy */ = {
			isa = PBXContainerItemProxy;
			containerPortal = 043AE6CD3027666D00E98EAE /* Project object */;
			proxyType = 1;
			remoteGlobalIDString = 043AE6D43027666D00E98EAE;
			remoteInfo = "ride-app";
		};
		043AE6ED3027666E00E98EAE /* PBXContainerItemProxy */ = {
			isa = PBXContainerItemProxy;
			containerPortal = 043AE6CD3027666D00E98EAE /* Project object */;
			proxyType = 1;
			remoteGlobalIDString = 043AE6D43027666D00E98EAE;
			remoteInfo = "ride-app";
		};
/* End PBXContainerItemProxy section */

/* Begin PBXFileReference section */
		043AE6D53027666D00E98EAE /* ride-app.app */ = {isa = PBXFileReference; explicitFileType = wrapper.application; includeInIndex = 0; path = "ride-app.app"; sourceTree = BUILT_PRODUCTS_DIR; };
		043AE6E23027666E00E98EAE /* ride-appTests.xctest */ = {isa = PBXFileReference; explicitFileType = wrapper.cfbundle; includeInIndex = 0; path = "ride-appTests.xctest"; sourceTree = BUILT_PRODUCTS_DIR; };
		043AE6EC3027666E00E98EAE /* ride-appUITests.xctest */ = {isa = PBXFileReference; explicitFileType = wrapper.cfbundle; includeInIndex = 0; path = "ride-appUITests.xctest"; sourceTree = BUILT_PRODUCTS_DIR; };
/* End PBXFileReference section */

/* Begin PBXFileSystemSynchronizedRootGroup section */
		043AE6D73027666D00E98EAE /* ride-app */ = {
			isa = PBXFileSystemSynchronizedRootGroup;
			path = "ride-app";
			sourceTree = "<group>";
		};
		043AE6E53027666E00E98EAE /* ride-appTests */ = {
			isa = PBXFileSystemSynchronizedRootGroup;
			path = "ride-appTests";
			sourceTree = "<group>";
		};
		043AE6EF3027666E00E98EAE /* ride-appUITests */ = {
			isa = PBXFileSystemSynchronizedRootGroup;
			path = "ride-appUITests";
			sourceTree = "<group>";
		};
/* End PBXFileSystemSynchronizedRootGroup section */

/* Begin PBXFrameworksBuildPhase section */
		043AE6D23027666D00E98EAE /* Frameworks */ = {
			isa = PBXFrameworksBuildPhase;
			buildActionMask = 2147483647;
			files = (
				043AE71A30276B3E00E98EAE /* FirebaseAuth in Frameworks */,
				043AE71E30276B3E00E98EAE /* FirebaseCore in Frameworks */,
				043AE72630276B3E00E98EAE /* FirebaseMessaging in Frameworks */,
				043AE72030276B3E00E98EAE /* FirebaseDatabase in Frameworks */,
				043AE72430276B3E00E98EAE /* FirebaseFirestoreCombine-Community in Frameworks */,
				043AE72230276B3E00E98EAE /* FirebaseFirestore in Frameworks */,
				043AE71C30276B3E00E98EAE /* FirebaseAuthCombine-Community in Frameworks */,
			);
			runOnlyForDeploymentPostprocessing = 0;
		};
		043AE6DF3027666E00E98EAE /* Frameworks */ = {
			isa = PBXFrameworksBuildPhase;
			buildActionMask = 2147483647;
			files = (
			);
			runOnlyForDeploymentPostprocessing = 0;
		};
		043AE6E93027666E00E98EAE /* Frameworks */ = {
			isa = PBXFrameworksBuildPhase;
			buildActionMask = 2147483647;
			files = (
			);
			runOnlyForDeploymentPostprocessing = 0;
		};
/* End PBXFrameworksBuildPhase section */

/* Begin PBXGroup section */
		043AE6CC3027666D00E98EAE = {
			isa = PBXGroup;
			children = (
				043AE6D73027666D00E98EAE /* ride-app */,
				043AE6E53027666E00E98EAE /* ride-appTests */,
				043AE6EF3027666E00E98EAE /* ride-appUITests */,
				043AE6D63027666D00E98EAE /* Products */,
			);
			sourceTree = "<group>";
		};
		043AE6D63027666D00E98EAE /* Products */ = {
			isa = PBXGroup;
			children = (
				043AE6D53027666D00E98EAE /* ride-app.app */,
				043AE6E23027666E00E98EAE /* ride-appTests.xctest */,
				043AE6EC3027666E00E98EAE /* ride-appUITests.xctest */,
			);
			name = Products;
			sourceTree = "<group>";
		};
/* End PBXGroup section */

/* Begin PBXNativeTarget section */
		043AE6D43027666D00E98EAE /* ride-app */ = {
			isa = PBXNativeTarget;
			buildConfigurationList = 043AE6F63027666E00E98EAE /* Build configuration list for PBXNativeTarget "ride-app" */;
			buildPhases = (
				043AE6D13027666D00E98EAE /* Sources */,
				043AE6D23027666D00E98EAE /* Frameworks */,
				043AE6D33027666D00E98EAE /* Resources */,
			);
			buildRules = (
			);
			dependencies = (
			);
			fileSystemSynchronizedGroups = (
				043AE6D73027666D00E98EAE /* ride-app */,
			);
			name = "ride-app";
			packageProductDependencies = (
				043AE71930276B3E00E98EAE /* FirebaseAuth */,
				043AE71B30276B3E00E98EAE /* FirebaseAuthCombine-Community */,
				043AE71D30276B3E00E98EAE /* FirebaseCore */,
				043AE71F30276B3E00E98EAE /* FirebaseDatabase */,
				043AE72130276B3E00E98EAE /* FirebaseFirestore */,
				043AE72330276B3E00E98EAE /* FirebaseFirestoreCombine-Community */,
				043AE72530276B3E00E98EAE /* FirebaseMessaging */,
			);
			productName = "ride-app";
			productReference = 043AE6D53027666D00E98EAE /* ride-app.app */;
			productType = "com.apple.product-type.application";
		};
		043AE6E13027666E00E98EAE /* ride-appTests */ = {
			isa = PBXNativeTarget;
			buildConfigurationList = 043AE6F93027666E00E98EAE /* Build configuration list for PBXNativeTarget "ride-appTests" */;
			buildPhases = (
				043AE6DE3027666E00E98EAE /* Sources */,
				043AE6DF3027666E00E98EAE /* Frameworks */,
				043AE6E03027666E00E98EAE /* Resources */,
			);
			buildRules = (
			);
			dependencies = (
				043AE6E43027666E00E98EAE /* PBXTargetDependency */,
			);
			fileSystemSynchronizedGroups = (
				043AE6E53027666E00E98EAE /* ride-appTests */,
			);
			name = "ride-appTests";
			packageProductDependencies = (
			);
			productName = "ride-appTests";
			productReference = 043AE6E23027666E00E98EAE /* ride-appTests.xctest */;
			productType = "com.apple.product-type.bundle.unit-test";
		};
		043AE6EB3027666E00E98EAE /* ride-appUITests */ = {
			isa = PBXNativeTarget;
			buildConfigurationList = 043AE6FC3027666E00E98EAE /* Build configuration list for PBXNativeTarget "ride-appUITests" */;
			buildPhases = (
				043AE6E83027666E00E98EAE /* Sources */,
				043AE6E93027666E00E98EAE /* Frameworks */,
				043AE6EA3027666E00E98EAE /* Resources */,
			);
			buildRules = (
			);
			dependencies = (
				043AE6EE3027666E00E98EAE /* PBXTargetDependency */,
			);
			fileSystemSynchronizedGroups = (
				043AE6EF3027666E00E98EAE /* ride-appUITests */,
			);
			name = "ride-appUITests";
			packageProductDependencies = (
			);
			productName = "ride-appUITests";
			productReference = 043AE6EC3027666E00E98EAE /* ride-appUITests.xctest */;
			productType = "com.apple.product-type.bundle.ui-testing";
		};
/* End PBXNativeTarget section */

/* Begin PBXProject section */
		043AE6CD3027666D00E98EAE /* Project object */ = {
			isa = PBXProject;
			attributes = {
				BuildIndependentTargetsInParallel = 1;
				LastSwiftUpdateCheck = 1640;
				LastUpgradeCheck = 1640;
				TargetAttributes = {
					043AE6D43027666D00E98EAE = {
						CreatedOnToolsVersion = 16.4;
					};
					043AE6E13027666E00E98EAE = {
						CreatedOnToolsVersion = 16.4;
						TestTargetID = 043AE6D43027666D00E98EAE;
					};
					043AE6EB3027666E00E98EAE = {
						CreatedOnToolsVersion = 16.4;
						TestTargetID = 043AE6D43027666D00E98EAE;
					};
				};
			};
			buildConfigurationList = 043AE6D03027666D00E98EAE /* Build configuration list for PBXProject "ride-app" */;
			developmentRegion = en;
			hasScannedForEncodings = 0;
			knownRegions = (
				en,
				Base,
			);
			mainGroup = 043AE6CC3027666D00E98EAE;
			minimizedProjectReferenceProxies = 1;
			packageReferences = (
				043AE71830276B3E00E98EAE /* XCRemoteSwiftPackageReference "firebase-ios-sdk" */,
			);
			preferredProjectObjectVersion = 77;
			productRefGroup = 043AE6D63027666D00E98EAE /* Products */;
			projectDirPath = "";
			projectRoot = "";
			targets = (
				043AE6D43027666D00E98EAE /* ride-app */,
				043AE6E13027666E00E98EAE /* ride-appTests */,
				043AE6EB3027666E00E98EAE /* ride-appUITests */,
			);
		};
/* End PBXProject section */

/* Begin PBXResourcesBuildPhase section */
		043AE6D33027666D00E98EAE /* Resources */ = {
			isa = PBXResourcesBuildPhase;
			buildActionMask = 2147483647;
			files = (
			);
			runOnlyForDeploymentPostprocessing = 0;
		};
		043AE6E03027666E00E98EAE /* Resources */ = {
			isa = PBXResourcesBuildPhase;
			buildActionMask = 2147483647;
			files = (
			);
			runOnlyForDeploymentPostprocessing = 0;
		};
		043AE6EA3027666E00E98EAE /* Resources */ = {
			isa = PBXResourcesBuildPhase;
			buildActionMask = 2147483647;
			files = (
			);
			runOnlyForDeploymentPostprocessing = 0;
		};
/* End PBXResourcesBuildPhase section */

/* Begin PBXSourcesBuildPhase section */
		043AE6D13027666D00E98EAE /* Sources */ = {
			isa = PBXSourcesBuildPhase;
			buildActionMask = 2147483647;
			files = (
			);
			runOnlyForDeploymentPostprocessing = 0;
		};
		043AE6DE3027666E00E98EAE /* Sources */ = {
			isa = PBXSourcesBuildPhase;
			buildActionMask = 2147483647;
			files = (
			);
			runOnlyForDeploymentPostprocessing = 0;
		};
		043AE6E83027666E00E98EAE /* Sources */ = {
			isa = PBXSourcesBuildPhase;
			buildActionMask = 2147483647;
			files = (
			);
			runOnlyForDeploymentPostprocessing = 0;
		};
/* End PBXSourcesBuildPhase section */

/* Begin PBXTargetDependency section */
		043AE6E43027666E00E98EAE /* PBXTargetDependency */ = {
			isa = PBXTargetDependency;
			target = 043AE6D43027666D00E98EAE /* ride-app */;
			targetProxy = 043AE6E33027666E00E98EAE /* PBXContainerItemProxy */;
		};
		043AE6EE3027666E00E98EAE /* PBXTargetDependency */ = {
			isa = PBXTargetDependency;
			target = 043AE6D43027666D00E98EAE /* ride-app */;
			targetProxy = 043AE6ED3027666E00E98EAE /* PBXContainerItemProxy */;
		};
/* End PBXTargetDependency section */

/* Begin XCBuildConfiguration section */
		043AE6F43027666E00E98EAE /* Debug */ = {
			isa = XCBuildConfiguration;
			buildSettings = {
				ALWAYS_SEARCH_USER_PATHS = NO;
				ASSETCATALOG_COMPILER_GENERATE_SWIFT_ASSET_SYMBOL_EXTENSIONS = YES;
				CLANG_ANALYZER_NONNULL = YES;
				CLANG_ANALYZER_NUMBER_OBJECT_CONVERSION = YES_AGGRESSIVE;
				CLANG_CXX_LANGUAGE_STANDARD = "gnu++20";
				CLANG_ENABLE_MODULES = YES;
				CLANG_ENABLE_OBJC_ARC = YES;
				CLANG_ENABLE_OBJC_WEAK = YES;
				CLANG_WARN_BLOCK_CAPTURE_AUTORELEASING = YES;
				CLANG_WARN_BOOL_CONVERSION = YES;
				CLANG_WARN_COMMA = YES;
				CLANG_WARN_CONSTANT_CONVERSION = YES;
				CLANG_WARN_DEPRECATED_OBJC_IMPLEMENTATIONS = YES;
				CLANG_WARN_DIRECT_OBJC_ISA_USAGE = YES_ERROR;
				CLANG_WARN_DOCUMENTATION_COMMENTS = YES;
				CLANG_WARN_EMPTY_BODY = YES;
				CLANG_WARN_ENUM_CONVERSION = YES;
				CLANG_WARN_INFINITE_RECURSION = YES;
				CLANG_WARN_INT_CONVERSION = YES;
				CLANG_WARN_NON_LITERAL_NULL_CONVERSION = YES;
				CLANG_WARN_OBJC_IMPLICIT_RETAIN_SELF = YES;
				CLANG_WARN_OBJC_LITERAL_CONVERSION = YES;
				CLANG_WARN_OBJC_ROOT_CLASS = YES_ERROR;
				CLANG_WARN_QUOTED_INCLUDE_IN_FRAMEWORK_HEADER = YES;
				CLANG_WARN_RANGE_LOOP_ANALYSIS = YES;
				CLANG_WARN_STRICT_PROTOTYPES = YES;
				CLANG_WARN_SUSPICIOUS_MOVE = YES;
				CLANG_WARN_UNGUARDED_AVAILABILITY = YES_AGGRESSIVE;
				CLANG_WARN_UNREACHABLE_CODE = YES;
				CLANG_WARN__DUPLICATE_METHOD_MATCH = YES;
				COPY_PHASE_STRIP = NO;
				DEBUG_INFORMATION_FORMAT = dwarf;
				DEVELOPMENT_TEAM = F684VQQVGN;
				ENABLE_STRICT_OBJC_MSGSEND = YES;
				ENABLE_TESTABILITY = YES;
				ENABLE_USER_SCRIPT_SANDBOXING = YES;
				GCC_C_LANGUAGE_STANDARD = gnu17;
				GCC_DYNAMIC_NO_PIC = NO;
				GCC_NO_COMMON_BLOCKS = YES;
				GCC_OPTIMIZATION_LEVEL = 0;
				GCC_PREPROCESSOR_DEFINITIONS = (
					"DEBUG=1",
					"$(inherited)",
				);
				GCC_WARN_64_TO_32_BIT_CONVERSION = YES;
				GCC_WARN_ABOUT_RETURN_TYPE = YES_ERROR;
				GCC_WARN_UNDECLARED_SELECTOR = YES;
				GCC_WARN_UNINITIALIZED_AUTOS = YES_AGGRESSIVE;
				GCC_WARN_UNUSED_FUNCTION = YES;
				GCC_WARN_UNUSED_VARIABLE = YES;
				IPHONEOS_DEPLOYMENT_TARGET = 18.5;
				LOCALIZATION_PREFERS_STRING_CATALOGS = YES;
				MTL_ENABLE_DEBUG_INFO = INCLUDE_SOURCE;
				MTL_FAST_MATH = YES;
				ONLY_ACTIVE_ARCH = YES;
				SDKROOT = iphoneos;
				SWIFT_ACTIVE_COMPILATION_CONDITIONS = "DEBUG $(inherited)";
				SWIFT_OPTIMIZATION_LEVEL = "-Onone";
			};
			name = Debug;
		};
		043AE6F53027666E00E98EAE /* Release */ = {
			isa = XCBuildConfiguration;
			buildSettings = {
				ALWAYS_SEARCH_USER_PATHS = NO;
				ASSETCATALOG_COMPILER_GENERATE_SWIFT_ASSET_SYMBOL_EXTENSIONS = YES;
				CLANG_ANALYZER_NONNULL = YES;
				CLANG_ANALYZER_NUMBER_OBJECT_CONVERSION = YES_AGGRESSIVE;
				CLANG_CXX_LANGUAGE_STANDARD = "gnu++20";
				CLANG_ENABLE_MODULES = YES;
				CLANG_ENABLE_OBJC_ARC = YES;
				CLANG_ENABLE_OBJC_WEAK = YES;
				CLANG_WARN_BLOCK_CAPTURE_AUTORELEASING = YES;
				CLANG_WARN_BOOL_CONVERSION = YES;
				CLANG_WARN_COMMA = YES;
				CLANG_WARN_CONSTANT_CONVERSION = YES;
				CLANG_WARN_DEPRECATED_OBJC_IMPLEMENTATIONS = YES;
				CLANG_WARN_DIRECT_OBJC_ISA_USAGE = YES_ERROR;
				CLANG_WARN_DOCUMENTATION_COMMENTS = YES;
				CLANG_WARN_EMPTY_BODY = YES;
				CLANG_WARN_ENUM_CONVERSION = YES;
				CLANG_WARN_INFINITE_RECURSION = YES;
				CLANG_WARN_INT_CONVERSION = YES;
				CLANG_WARN_NON_LITERAL_NULL_CONVERSION = YES;
				CLANG_WARN_OBJC_IMPLICIT_RETAIN_SELF = YES;
				CLANG_WARN_OBJC_LITERAL_CONVERSION = YES;
				CLANG_WARN_OBJC_ROOT_CLASS = YES_ERROR;
				CLANG_WARN_QUOTED_INCLUDE_IN_FRAMEWORK_HEADER = YES;
				CLANG_WARN_RANGE_LOOP_ANALYSIS = YES;
				CLANG_WARN_STRICT_PROTOTYPES = YES;
				CLANG_WARN_SUSPICIOUS_MOVE = YES;
				CLANG_WARN_UNGUARDED_AVAILABILITY = YES_AGGRESSIVE;
				CLANG_WARN_UNREACHABLE_CODE = YES;
				CLANG_WARN__DUPLICATE_METHOD_MATCH = YES;
				COPY_PHASE_STRIP = NO;
				DEBUG_INFORMATION_FORMAT = "dwarf-with-dsym";
				DEVELOPMENT_TEAM = F684VQQVGN;
				ENABLE_NS_ASSERTIONS = NO;
				ENABLE_STRICT_OBJC_MSGSEND = YES;
				ENABLE_USER_SCRIPT_SANDBOXING = YES;
				GCC_C_LANGUAGE_STANDARD = gnu17;
				GCC_NO_COMMON_BLOCKS = YES;
				GCC_WARN_64_TO_32_BIT_CONVERSION = YES;
				GCC_WARN_ABOUT_RETURN_TYPE = YES_ERROR;
				GCC_WARN_UNDECLARED_SELECTOR = YES;
				GCC_WARN_UNINITIALIZED_AUTOS = YES_AGGRESSIVE;
				GCC_WARN_UNUSED_FUNCTION = YES;
				GCC_WARN_UNUSED_VARIABLE = YES;
				IPHONEOS_DEPLOYMENT_TARGET = 18.5;
				LOCALIZATION_PREFERS_STRING_CATALOGS = YES;
				MTL_ENABLE_DEBUG_INFO = NO;
				MTL_FAST_MATH = YES;
				SDKROOT = iphoneos;
				SWIFT_COMPILATION_MODE = wholemodule;
				VALIDATE_PRODUCT = YES;
			};
			name = Release;
		};
		043AE6F73027666E00E98EAE /* Debug */ = {
			isa = XCBuildConfiguration;
			buildSettings = {
				ASSETCATALOG_COMPILER_APPICON_NAME = AppIcon;
				ASSETCATALOG_COMPILER_GLOBAL_ACCENT_COLOR_NAME = AccentColor;
				CODE_SIGN_STYLE = Automatic;
				CURRENT_PROJECT_VERSION = 1;
				DEVELOPMENT_TEAM = F684VQQVGN;
				ENABLE_PREVIEWS = YES;
				GENERATE_INFOPLIST_FILE = YES;
				INFOPLIST_KEY_NSLocationWhenInUseUsageDescription = "Rovex uses your location to match you with nearby drivers.";
				INFOPLIST_KEY_UIApplicationSceneManifest_Generation = YES;
				INFOPLIST_KEY_UIApplicationSupportsIndirectInputEvents = YES;
				INFOPLIST_KEY_UILaunchScreen_Generation = YES;
				INFOPLIST_KEY_UISupportedInterfaceOrientations_iPad = "UIInterfaceOrientationPortrait UIInterfaceOrientationPortraitUpsideDown UIInterfaceOrientationLandscapeLeft UIInterfaceOrientationLandscapeRight";
				INFOPLIST_KEY_UISupportedInterfaceOrientations_iPhone = "UIInterfaceOrientationPortrait UIInterfaceOrientationLandscapeLeft UIInterfaceOrientationLandscapeRight";
				LD_RUNPATH_SEARCH_PATHS = (
					"$(inherited)",
					"@executable_path/Frameworks",
				);
				MARKETING_VERSION = 1.0;
				PRODUCT_BUNDLE_IDENTIFIER = "com.gulshid.ride-app";
				PRODUCT_NAME = "$(TARGET_NAME)";
				SWIFT_EMIT_LOC_STRINGS = YES;
				SWIFT_VERSION = 5.0;
				TARGETED_DEVICE_FAMILY = "1,2";
			};
			name = Debug;
		};
		043AE6F83027666E00E98EAE /* Release */ = {
			isa = XCBuildConfiguration;
			buildSettings = {
				ASSETCATALOG_COMPILER_APPICON_NAME = AppIcon;
				ASSETCATALOG_COMPILER_GLOBAL_ACCENT_COLOR_NAME = AccentColor;
				CODE_SIGN_STYLE = Automatic;
				CURRENT_PROJECT_VERSION = 1;
				DEVELOPMENT_TEAM = F684VQQVGN;
				ENABLE_PREVIEWS = YES;
				GENERATE_INFOPLIST_FILE = YES;
				INFOPLIST_KEY_NSLocationWhenInUseUsageDescription = "Rovex uses your location to match you with nearby drivers.";
				INFOPLIST_KEY_UIApplicationSceneManifest_Generation = YES;
				INFOPLIST_KEY_UIApplicationSupportsIndirectInputEvents = YES;
				INFOPLIST_KEY_UILaunchScreen_Generation = YES;
				INFOPLIST_KEY_UISupportedInterfaceOrientations_iPad = "UIInterfaceOrientationPortrait UIInterfaceOrientationPortraitUpsideDown UIInterfaceOrientationLandscapeLeft UIInterfaceOrientationLandscapeRight";
				INFOPLIST_KEY_UISupportedInterfaceOrientations_iPhone = "UIInterfaceOrientationPortrait UIInterfaceOrientationLandscapeLeft UIInterfaceOrientationLandscapeRight";
				LD_RUNPATH_SEARCH_PATHS = (
					"$(inherited)",
					"@executable_path/Frameworks",
				);
				MARKETING_VERSION = 1.0;
				PRODUCT_BUNDLE_IDENTIFIER = "com.gulshid.ride-app";
				PRODUCT_NAME = "$(TARGET_NAME)";
				SWIFT_EMIT_LOC_STRINGS = YES;
				SWIFT_VERSION = 5.0;
				TARGETED_DEVICE_FAMILY = "1,2";
			};
			name = Release;
		};
		043AE6FA3027666E00E98EAE /* Debug */ = {
			isa = XCBuildConfiguration;
			buildSettings = {
				BUNDLE_LOADER = "$(TEST_HOST)";
				CODE_SIGN_STYLE = Automatic;
				CURRENT_PROJECT_VERSION = 1;
				DEVELOPMENT_TEAM = F684VQQVGN;
				GENERATE_INFOPLIST_FILE = YES;
				IPHONEOS_DEPLOYMENT_TARGET = 18.5;
				MARKETING_VERSION = 1.0;
				PRODUCT_BUNDLE_IDENTIFIER = "com.gulshid.ride-appTests";
				PRODUCT_NAME = "$(TARGET_NAME)";
				SWIFT_EMIT_LOC_STRINGS = NO;
				SWIFT_VERSION = 5.0;
				TARGETED_DEVICE_FAMILY = "1,2";
				TEST_HOST = "$(BUILT_PRODUCTS_DIR)/ride-app.app/$(BUNDLE_EXECUTABLE_FOLDER_PATH)/ride-app";
			};
			name = Debug;
		};
		043AE6FB3027666E00E98EAE /* Release */ = {
			isa = XCBuildConfiguration;
			buildSettings = {
				BUNDLE_LOADER = "$(TEST_HOST)";
				CODE_SIGN_STYLE = Automatic;
				CURRENT_PROJECT_VERSION = 1;
				DEVELOPMENT_TEAM = F684VQQVGN;
				GENERATE_INFOPLIST_FILE = YES;
				IPHONEOS_DEPLOYMENT_TARGET = 18.5;
				MARKETING_VERSION = 1.0;
				PRODUCT_BUNDLE_IDENTIFIER = "com.gulshid.ride-appTests";
				PRODUCT_NAME = "$(TARGET_NAME)";
				SWIFT_EMIT_LOC_STRINGS = NO;
				SWIFT_VERSION = 5.0;
				TARGETED_DEVICE_FAMILY = "1,2";
				TEST_HOST = "$(BUILT_PRODUCTS_DIR)/ride-app.app/$(BUNDLE_EXECUTABLE_FOLDER_PATH)/ride-app";
			};
			name = Release;
		};
		043AE6FD3027666E00E98EAE /* Debug */ = {
			isa = XCBuildConfiguration;
			buildSettings = {
				CODE_SIGN_STYLE = Automatic;
				CURRENT_PROJECT_VERSION = 1;
				DEVELOPMENT_TEAM = F684VQQVGN;
				GENERATE_INFOPLIST_FILE = YES;
				MARKETING_VERSION = 1.0;
				PRODUCT_BUNDLE_IDENTIFIER = "com.gulshid.ride-appUITests";
				PRODUCT_NAME = "$(TARGET_NAME)";
				SWIFT_EMIT_LOC_STRINGS = NO;
				SWIFT_VERSION = 5.0;
				TARGETED_DEVICE_FAMILY = "1,2";
				TEST_TARGET_NAME = "ride-app";
			};
			name = Debug;
		};
		043AE6FE3027666E00E98EAE /* Release */ = {
			isa = XCBuildConfiguration;
			buildSettings = {
				CODE_SIGN_STYLE = Automatic;
				CURRENT_PROJECT_VERSION = 1;
				DEVELOPMENT_TEAM = F684VQQVGN;
				GENERATE_INFOPLIST_FILE = YES;
				MARKETING_VERSION = 1.0;
				PRODUCT_BUNDLE_IDENTIFIER = "com.gulshid.ride-appUITests";
				PRODUCT_NAME = "$(TARGET_NAME)";
				SWIFT_EMIT_LOC_STRINGS = NO;
				SWIFT_VERSION = 5.0;
				TARGETED_DEVICE_FAMILY = "1,2";
				TEST_TARGET_NAME = "ride-app";
			};
			name = Release;
		};
/* End XCBuildConfiguration section */

/* Begin XCConfigurationList section */
		043AE6D03027666D00E98EAE /* Build configuration list for PBXProject "ride-app" */ = {
			isa = XCConfigurationList;
			buildConfigurations = (
				043AE6F43027666E00E98EAE /* Debug */,
				043AE6F53027666E00E98EAE /* Release */,
			);
			defaultConfigurationIsVisible = 0;
			defaultConfigurationName = Release;
		};
		043AE6F63027666E00E98EAE /* Build configuration list for PBXNativeTarget "ride-app" */ = {
			isa = XCConfigurationList;
			buildConfigurations = (
				043AE6F73027666E00E98EAE /* Debug */,
				043AE6F83027666E00E98EAE /* Release */,
			);
			defaultConfigurationIsVisible = 0;
			defaultConfigurationName = Release;
		};
		043AE6F93027666E00E98EAE /* Build configuration list for PBXNativeTarget "ride-appTests" */ = {
			isa = XCConfigurationList;
			buildConfigurations = (
				043AE6FA3027666E00E98EAE /* Debug */,
				043AE6FB3027666E00E98EAE /* Release */,
			);
			defaultConfigurationIsVisible = 0;
			defaultConfigurationName = Release;
		};
		043AE6FC3027666E00E98EAE /* Build configuration list for PBXNativeTarget "ride-appUITests" */ = {
			isa = XCConfigurationList;
			buildConfigurations = (
				043AE6FD3027666E00E98EAE /* Debug */,
				043AE6FE3027666E00E98EAE /* Release */,
			);
			defaultConfigurationIsVisible = 0;
			defaultConfigurationName = Release;
		};
/* End XCConfigurationList section */

/* Begin XCRemoteSwiftPackageReference section */
		043AE71830276B3E00E98EAE /* XCRemoteSwiftPackageReference "firebase-ios-sdk" */ = {
			isa = XCRemoteSwiftPackageReference;
			repositoryURL = "https://github.com/firebase/firebase-ios-sdk";
			requirement = {
				kind = upToNextMajorVersion;
				minimumVersion = 12.17.0;
			};
		};
/* End XCRemoteSwiftPackageReference section */

/* Begin XCSwiftPackageProductDependency section */
		043AE71930276B3E00E98EAE /* FirebaseAuth */ = {
			isa = XCSwiftPackageProductDependency;
			package = 043AE71830276B3E00E98EAE /* XCRemoteSwiftPackageReference "firebase-ios-sdk" */;
			productName = FirebaseAuth;
		};
		043AE71B30276B3E00E98EAE /* FirebaseAuthCombine-Community */ = {
			isa = XCSwiftPackageProductDependency;
			package = 043AE71830276B3E00E98EAE /* XCRemoteSwiftPackageReference "firebase-ios-sdk" */;
			productName = "FirebaseAuthCombine-Community";
		};
		043AE71D30276B3E00E98EAE /* FirebaseCore */ = {
			isa = XCSwiftPackageProductDependency;
			package = 043AE71830276B3E00E98EAE /* XCRemoteSwiftPackageReference "firebase-ios-sdk" */;
			productName = FirebaseCore;
		};
		043AE71F30276B3E00E98EAE /* FirebaseDatabase */ = {
			isa = XCSwiftPackageProductDependency;
			package = 043AE71830276B3E00E98EAE /* XCRemoteSwiftPackageReference "firebase-ios-sdk" */;
			productName = FirebaseDatabase;
		};
		043AE72130276B3E00E98EAE /* FirebaseFirestore */ = {
			isa = XCSwiftPackageProductDependency;
			package = 043AE71830276B3E00E98EAE /* XCRemoteSwiftPackageReference "firebase-ios-sdk" */;
			productName = FirebaseFirestore;
		};
		043AE72330276B3E00E98EAE /* FirebaseFirestoreCombine-Community */ = {
			isa = XCSwiftPackageProductDependency;
			package = 043AE71830276B3E00E98EAE /* XCRemoteSwiftPackageReference "firebase-ios-sdk" */;
			productName = "FirebaseFirestoreCombine-Community";
		};
		043AE72530276B3E00E98EAE /* FirebaseMessaging */ = {
			isa = XCSwiftPackageProductDependency;
			package = 043AE71830276B3E00E98EAE /* XCRemoteSwiftPackageReference "firebase-ios-sdk" */;
			productName = FirebaseMessaging;
		};
/* End XCSwiftPackageProductDependency section */
	};
	rootObject = 043AE6CD3027666D00E98EAE /* Project object */;
}
